// !$*UTF8*$!
{
	archiveVersion = 1;
	classes = {
	};
	objectVersion = 46;
	objects = {

/* Begin PBXBuildFile section */
		688AF7B01F94B8DC0021A2A2 /* main.m in Sources */ = {isa = PBXBuildFile; fileRef = 688AF7AF1F94B8DC0021A2A2 /* main.m */; };
		688AF7B31F94B8DC0021A2A2 /* AppDelegate.m in Sources */ = {isa = PBXBuildFile; fileRef = 688AF7B21F94B8DC0021A2A2 /* AppDelegate.m */; };
		688AF7B51F94B8DC0021A2A2 /* Assets.xcassets in Resources */ = {isa = PBXBuildFile; fileRef = 688AF7B41F94B8DC0021A2A2 /* Assets.xcassets */; };
		688AF7B81F94B8DC0021A2A2 /* LaunchScreen.storyboard in Resources */ = {isa = PBXBuildFile; fileRef = 688AF7B61F94B8DC0021A2A2 /* LaunchScreen.storyboard */; };
		688AF7C81F94BA030021A2A2 /* HomeViewController.m in Sources */ = {isa = PBXBuildFile; fileRef = 688AF7C71F94BA030021A2A2 /* HomeViewController.m */; };
		688AF7CC1F95A17A0021A2A2 /* Table1ViewController.m in Sources */ = {isa = PBXBuildFile; fileRef = 688AF7CB1F95A17A0021A2A2 /* Table1ViewController.m */; };
		688AF7D21F95A2670021A2A2 /* UIControl+BlockAction.m in Sources */ = {isa = PBXBuildFile; fileRef = 688AF7CF1F95A2670021A2A2 /* UIControl+BlockAction.m */; };
		688AF7D31F95A2670021A2A2 /* UIView+BlockAction.m in Sources */ = {isa = PBXBuildFile; fileRef = 688AF7D11F95A2670021A2A2 /* UIView+BlockAction.m */; };
		688AF7D61F95B1A50021A2A2 /* Table2ViewController.m in Sources */ = {isa = PBXBuildFile; fileRef = 688AF7D51F95B1A50021A2A2 /* Table2ViewController.m */; };
		688AF7D91F95B9150021A2A2 /* Table3ViewController.m in Sources */ = {isa = PBXBuildFile; fileRef = 688AF7D81F95B9150021A2A2 /* Table3ViewController.m */; };
		688AF7DC1F95E0E60021A2A2 /* Table4ViewController.m in Sources */ = {isa = PBXBuildFile; fileRef = 688AF7DB1F95E0E60021A2A2 /* Table4ViewController.m */; };
		688AF7DF1F95EAD30021A2A2 /* SettingViewController.m in Sources */ = {isa = PBXBuildFile; fileRef = 688AF7DE1F95EAD30021A2A2 /* SettingViewController.m */; };
		C280750FE0A9D76EFBCD1B68 /* libPods-TableCell-Autolayout.a in Frameworks */ = {isa = PBXBuildFile; fileRef = 5FF800EC68FCCFAE2FBD2DAE /* libPods-TableCell-Autolayout.a */; };
/* End PBXBuildFile section */

/* Begin PBXFileReference section */
		5FF800EC68FCCFAE2FBD2DAE /* libPods-TableCell-Autolayout.a */ = {isa = PBXFileReference; explicitFileType = archive.ar; includeInIndex = 0; path = "libPods-TableCell-Autolayout.a"; sourceTree = BUILT_PRODUCTS_DIR; };
		688AF7AB1F94B8DC0021A2A2 /* TableCell-Autolayout.app */ = {isa = PBXFileReference; explicitFileType = wrapper.application; includeInIndex = 0; path = "TableCell-Autolayout.app"; sourceTree = BUILT_PRODUCTS_DIR; };
		688AF7AF1F94B8DC0021A2A2 /* main.m */ = {isa = PBXFileReference; lastKnownFileType = sourcecode.c.objc; path = main.m; sourceTree = "<group>"; };
		688AF7B11F94B8DC0021A2A2 /* AppDelegate.h */ = {isa = PBXFileReference; lastKnownFileType = sourcecode.c.h; path = AppDelegate.h; sourceTree = "<group>"; };
		688AF7B21F94B8DC0021A2A2 /* AppDelegate.m */ = {isa = PBXFileReference; lastKnownFileType = sourcecode.c.objc; path = AppDelegate.m; sourceTree = "<group>"; };
		688AF7B41F94B8DC0021A2A2 /* Assets.xcassets */ = {isa = PBXFileReference; lastKnownFileType = folder.assetcatalog; path = Assets.xcassets; sourceTree = "<group>"; };
		688AF7B71F94B8DC0021A2A2 /* Base */ = {isa = PBXFileReference; lastKnownFileType = file.storyboard; name = Base; path = Base.lproj/LaunchScreen.storyboard; sourceTree = "<group>"; };
		688AF7B91F94B8DC0021A2A2 /* Info.plist */ = {isa = PBXFileReference; lastKnownFileType = text.plist.xml; path = Info.plist; sourceTree = "<group>"; };
		688AF7C61F94BA030021A2A2 /* HomeViewController.h */ = {isa = PBXFileReference; fileEncoding = 4; lastKnownFileType = sourcecode.c.h; path = HomeViewController.h; sourceTree = "<group>"; };
		688AF7C71F94BA030021A2A2 /* HomeViewController.m */ = {isa = PBXFileReference; fileEncoding = 4; lastKnownFileType = sourcecode.c.objc; path = HomeViewController.m; sourceTree = "<group>"; };
		688AF7C91F959DEE0021A2A2 /* PrefixHeader.pch */ = {isa = PBXFileReference; lastKnownFileType = sourcecode.c.h; path = PrefixHeader.pch; sourceTree = "<group>"; };
		688AF7CA1F95A17A0021A2A2 /* Table1ViewController.h */ = {isa = PBXFileReference; fileEncoding = 4; lastKnownFileType = sourcecode.c.h; path = Table1ViewController.h; sourceTree = "<group>"; };
		688AF7CB1F95A17A0021A2A2 /* Table1ViewController.m */ = {isa = PBXFileReference; fileEncoding = 4; lastKnownFileType = sourcecode.c.objc; path = Table1ViewController.m; sourceTree = "<group>"; };
		688AF7CE1F95A2670021A2A2 /* UIControl+BlockAction.h */ = {isa = PBXFileReference; fileEncoding = 4; lastKnownFileType = sourcecode.c.h; path = "UIControl+BlockAction.h"; sourceTree = "<group>"; };
		688AF7CF1F95A2670021A2A2 /* UIControl+BlockAction.m */ = {isa = PBXFileReference; fileEncoding = 4; lastKnownFileType = sourcecode.c.objc; path = "UIControl+BlockAction.m"; sourceTree = "<group>"; };
		688AF7D01F95A2670021A2A2 /* UIView+BlockAction.h */ = {isa = PBXFileReference; fileEncoding = 4; lastKnownFileType = sourcecode.c.h; path = "UIView+BlockAction.h"; sourceTree = "<group>"; };
		688AF7D11F95A2670021A2A2 /* UIView+BlockAction.m */ = {isa = PBXFileReference; fileEncoding = 4; lastKnownFileType = sourcecode.c.objc; path = "UIView+BlockAction.m"; sourceTree = "<group>"; };
		688AF7D41F95B1A50021A2A2 /* Table2ViewController.h */ = {isa = PBXFileReference; fileEncoding = 4; lastKnownFileType = sourcecode.c.h; path = Table2ViewController.h; sourceTree = "<group>"; };
		688AF7D51F95B1A50021A2A2 /* Table2ViewController.m */ = {isa = PBXFileReference; fileEncoding = 4; lastKnownFileType = sourcecode.c.objc; path = Table2ViewController.m; sourceTree = "<group>"; };
		688AF7D71F95B9150021A2A2 /* Table3ViewController.h */ = {isa = PBXFileReference; fileEncoding = 4; lastKnownFileType = sourcecode.c.h; path = Table3ViewController.h; sourceTree = "<group>"; };
		688AF7D81F95B9150021A2A2 /* Table3ViewController.m */ = {isa = PBXFileReference; fileEncoding = 4; lastKnownFileType = sourcecode.c.objc; path = Table3ViewController.m; sourceTree = "<group>"; };
		688AF7DA1F95E0E60021A2A2 /* Table4ViewController.h */ = {isa = PBXFileReference; fileEncoding = 4; lastKnownFileType = sourcecode.c.h; path = Table4ViewController.h; sourceTree = "<group>"; };
		688AF7DB1F95E0E60021A2A2 /* Table4ViewController.m */ = {isa = PBXFileReference; fileEncoding = 4; lastKnownFileType = sourcecode.c.objc; path = Table4ViewController.m; sourceTree = "<group>"; };
		688AF7DD1F95EAD30021A2A2 /* SettingViewController.h */ = {isa = PBXFileReference; fileEncoding = 4; lastKnownFileType = sourcecode.c.h; path = SettingViewController.h; sourceTree = "<group>"; };
		688AF7DE1F95EAD30021A2A2 /* SettingViewController.m */ = {isa = PBXFileReference; fileEncoding = 4; lastKnownFileType = sourcecode.c.objc; path = SettingViewController.m; sourceTree = "<group>"; };
		78B7F38996A665B41FA0A1D9 /* Pods-TableCell-Autolayout.debug.xcconfig */ = {isa = PBXFileReference; includeInIndex = 1; lastKnownFileType = text.xcconfig; name = "Pods-TableCell-Autolayout.debug.xcconfig"; path = "Pods/Target Support Files/Pods-TableCell-Autolayout/Pods-TableCell-Autolayout.debug.xcconfig"; sourceTree = "<group>"; };
		AC3DEF4EDC210D1EC70F8B38 /* Pods-TableCell-Autolayout.release.xcconfig */ = {isa = PBXFileReference; includeInIndex = 1; lastKnownFileType = text.xcconfig; name = "Pods-TableCell-Autolayout.release.xcconfig"; path = "Pods/Target Support Files/Pods-TableCell-Autolayout/Pods-TableCell-Autolayout.release.xcconfig"; sourceTree = "<group>"; };
/* End PBXFileReference section */

/* Begin PBXFrameworksBuildPhase section */
		688AF7A81F94B8DC0021A2A2 /* Frameworks */ = {
			isa = PBXFrameworksBuildPhase;
			buildActionMask = 2147483647;
			files = (
				C280750FE0A9D76EFBCD1B68 /* libPods-TableCell-Autolayout.a in Frameworks */,
			);
			runOnlyForDeploymentPostprocessing = 0;
		};
/* End PBXFrameworksBuildPhase section */

/* Begin PBXGroup section */
		0398212395B2021630B971E1 /* Pods */ = {
			isa = PBXGroup;
			children = (
				78B7F38996A665B41FA0A1D9 /* Pods-TableCell-Autolayout.debug.xcconfig */,
				AC3DEF4EDC210D1EC70F8B38 /* Pods-TableCell-Autolayout.release.xcconfig */,
			);
			name = Pods;
			sourceTree = "<group>";
		};
		688AF7A21F94B8DC0021A2A2 = {
			isa = PBXGroup;
			children = (
				688AF7AD1F94B8DC0021A2A2 /* TableCell-Autolayout */,
				688AF7AC1F94B8DC0021A2A2 /* Products */,
				0398212395B2021630B971E1 /* Pods */,
				6AE7AE872B5C39D059FEA2E2 /* Frameworks */,
			);
			sourceTree = "<group>";
		};
		688AF7AC1F94B8DC0021A2A2 /* Products */ = {
			isa = PBXGroup;
			children = (
				688AF7AB1F94B8DC0021A2A2 /* TableCell-Autolayout.app */,
			);
			name = Products;
			sourceTree = "<group>";
		};
		688AF7AD1F94B8DC0021A2A2 /* TableCell-Autolayout */ = {
			isa = PBXGroup;
			children = (
				688AF7B11F94B8DC0021A2A2 /* AppDelegate.h */,
				688AF7B21F94B8DC0021A2A2 /* AppDelegate.m */,
				688AF7C51F94BA030021A2A2 /* Classes */,
				688AF7B41F94B8DC0021A2A2 /* Assets.xcassets */,
				688AF7B61F94B8DC0021A2A2 /* LaunchScreen.storyboard */,
				688AF7B91F94B8DC0021A2A2 /* Info.plist */,
				688AF7AE1F94B8DC0021A2A2 /* Supporting Files */,
			);
			path = "TableCell-Autolayout";
			sourceTree = "<group>";
		};
		688AF7AE1F94B8DC0021A2A2 /* Supporting Files */ = {
			isa = PBXGroup;
			children = (
				688AF7AF1F94B8DC0021A2A2 /* main.m */,
				688AF7C91F959DEE0021A2A2 /* PrefixHeader.pch */,
			);
			name = "Supporting Files";
			sourceTree = "<group>";
		};
		688AF7C51F94BA030021A2A2 /* Classes */ = {
			isa = PBXGroup;
			children = (
				688AF7C61F94BA030021A2A2 /* HomeViewController.h */,
				688AF7C71F94BA030021A2A2 /* HomeViewController.m */,
				688AF7CA1F95A17A0021A2A2 /* Table1ViewController.h */,
				688AF7CB1F95A17A0021A2A2 /* Table1ViewController.m */,
				688AF7D41F95B1A50021A2A2 /* Table2ViewController.h */,
				688AF7D51F95B1A50021A2A2 /* Table2ViewController.m */,
				688AF7D71F95B9150021A2A2 /* Table3ViewController.h */,
				688AF7D81F95B9150021A2A2 /* Table3ViewController.m */,
				688AF7DA1F95E0E60021A2A2 /* Table4ViewController.h */,
				688AF7DB1F95E0E60021A2A2 /* Table4ViewController.m */,
				688AF7DD1F95EAD30021A2A2 /* SettingViewController.h */,
				688AF7DE1F95EAD30021A2A2 /* SettingViewController.m */,
				688AF7CD1F95A2670021A2A2 /* Category */,
			);
			path = Classes;
			sourceTree = "<group>";
		};
		688AF7CD1F95A2670021A2A2 /* Category */ = {
			isa = PBXGroup;
			children = (
				688AF7CE1F95A2670021A2A2 /* UIControl+BlockAction.h */,
				688AF7CF1F95A2670021A2A2 /* UIControl+BlockAction.m */,
				688AF7D01F95A2670021A2A2 /* UIView+BlockAction.h */,
				688AF7D11F95A2670021A2A2 /* UIView+BlockAction.m */,
			);
			path = Category;
			sourceTree = "<group>";
		};
		6AE7AE872B5C39D059FEA2E2 /* Frameworks */ = {
			isa = PBXGroup;
			children = (
				5FF800EC68FCCFAE2FBD2DAE /* libPods-TableCell-Autolayout.a */,
			);
			name = Frameworks;
			sourceTree = "<group>";
		};
/* End PBXGroup section */

/* Begin PBXNativeTarget section */
		688AF7AA1F94B8DC0021A2A2 /* TableCell-Autolayout */ = {
			isa = PBXNativeTarget;
			buildConfigurationList = 688AF7BC1F94B8DC0021A2A2 /* Build configuration list for PBXNativeTarget "TableCell-Autolayout" */;
			buildPhases = (
				C5C0A9B4BC5727BCD39032BB /* [CP] Check Pods Manifest.lock */,
				688AF7A71F94B8DC0021A2A2 /* Sources */,
				688AF7A81F94B8DC0021A2A2 /* Frameworks */,
				688AF7A91F94B8DC0021A2A2 /* Resources */,
				679C27A14F5636CC6DC1F594 /* [CP] Embed Pods Frameworks */,
				AF4F62D2BB97BAEAA83DC8F7 /* [CP] Copy Pods Resources */,
			);
			buildRules = (
			);
			dependencies = (
			);
			name = "TableCell-Autolayout";
			productName = "TableCell-Autolayout";
			productReference = 688AF7AB1F94B8DC0021A2A2 /* TableCell-Autolayout.app */;
			productType = "com.apple.product-type.application";
		};
/* End PBXNativeTarget section */

/* Begin PBXProject section */
		688AF7A31F94B8DC0021A2A2 /* Project object */ = {
			isa = PBXProject;
			attributes = {
				LastUpgradeCheck = 0830;
				ORGANIZATIONNAME = WillHan;
				TargetAttributes = {
					688AF7AA1F94B8DC0021A2A2 = {
						CreatedOnToolsVersion = 8.3.3;
						ProvisioningStyle = Automatic;
					};
				};
			};
			buildConfigurationList = 688AF7A61F94B8DC0021A2A2 /* Build configuration list for PBXProject "TableCell-Autolayout" */;
			compatibilityVersion = "Xcode 3.2";
			developmentRegion = English;
			hasScannedForEncodings = 0;
			knownRegions = (
				en,
				Base,
			);
			mainGroup = 688AF7A21F94B8DC0021A2A2;
			productRefGroup = 688AF7AC1F94B8DC0021A2A2 /* Products */;
			projectDirPath = "";
			projectRoot = "";
			targets = (
				688AF7AA1F94B8DC0021A2A2 /* TableCell-Autolayout */,
			);
		};
/* End PBXProject section */

/* Begin PBXResourcesBuildPhase section */
		688AF7A91F94B8DC0021A2A2 /* Resources */ = {
			isa = PBXResourcesBuildPhase;
			buildActionMask = 2147483647;
			files = (
				688AF7B51F94B8DC0021A2A2 /* Assets.xcassets in Resources */,
				688AF7B81F94B8DC0021A2A2 /* LaunchScreen.storyboard in Resources */,
			);
			runOnlyForDeploymentPostprocessing = 0;
		};
/* End PBXResourcesBuildPhase section */

/* Begin PBXShellScriptBuildPhase section */
		679C27A14F5636CC6DC1F594 /* [CP] Embed Pods Frameworks */ = {
			isa = PBXShellScriptBuildPhase;
			buildActionMask = 2147483647;
			files = (
			);
			inputPaths = (
			);
			name = "[CP] Embed Pods Frameworks";
			outputPaths = (
			);
			runOnlyForDeploymentPostprocessing = 0;
			shellPath = /bin/sh;
			shellScript = "\"${SRCROOT}/Pods/Target Support Files/Pods-TableCell-Autolayout/Pods-TableCell-Autolayout-frameworks.sh\"\n";
			showEnvVarsInLog = 0;
		};
		AF4F62D2BB97BAEAA83DC8F7 /* [CP] Copy Pods Resources */ = {
			isa = PBXShellScriptBuildPhase;
			buildActionMask = 2147483647;
			files = (
			);
			inputPaths = (
			);
			name = "[CP] Copy Pods Resources";
			outputPaths = (
			);
			runOnlyForDeploymentPostprocessing = 0;
			shellPath = /bin/sh;
			shellScript = "\"${SRCROOT}/Pods/Target Support Files/Pods-TableCell-Autolayout/Pods-TableCell-Autolayout-resources.sh\"\n";
			showEnvVarsInLog = 0;
		};
		C5C0A9B4BC5727BCD39032BB /* [CP] Check Pods Manifest.lock */ = {
			isa = PBXShellScriptBuildPhase;
			buildActionMask = 2147483647;
			files = (
			);
			inputPaths = (
				"${PODS_PODFILE_DIR_PATH}/Podfile.lock",
				"${PODS_ROOT}/Manifest.lock",
			);
			name = "[CP] Check Pods Manifest.lock";
			outputPaths = (
				"$(DERIVED_FILE_DIR)/Pods-TableCell-Autolayout-checkManifestLockResult.txt",
			);
			runOnlyForDeploymentPostprocessing = 0;
			shellPath = /bin/sh;
			shellScript = "diff \"${PODS_PODFILE_DIR_PATH}/Podfile.lock\" \"${PODS_ROOT}/Manifest.lock\" > /dev/null\nif [ $? != 0 ] ; then\n    # print error to STDERR\n    echo \"error: The sandbox is not in sync with the Podfile.lock. Run 'pod install' or update your CocoaPods installation.\" >&2\n    exit 1\nfi\n# This output is used by Xcode 'outputs' to avoid re-running this script phase.\necho \"SUCCESS\" > \"${SCRIPT_OUTPUT_FILE_0}\"\n";
			showEnvVarsInLog = 0;
		};
/* End PBXShellScriptBuildPhase section */

/* Begin PBXSourcesBuildPhase section */
		688AF7A71F94B8DC0021A2A2 /* Sources */ = {
			isa = PBXSourcesBuildPhase;
			buildActionMask = 2147483647;
			files = (
				688AF7DC1F95E0E60021A2A2 /* Table4ViewController.m in Sources */,
				688AF7B31F94B8DC0021A2A2 /* AppDelegate.m in Sources */,
				688AF7D61F95B1A50021A2A2 /* Table2ViewController.m in Sources */,
				688AF7D21F95A2670021A2A2 /* UIControl+BlockAction.m in Sources */,
				688AF7D91F95B9150021A2A2 /* Table3ViewController.m in Sources */,
				688AF7D31F95A2670021A2A2 /* UIView+BlockAction.m in Sources */,
				688AF7CC1F95A17A0021A2A2 /* Table1ViewController.m in Sources */,
				688AF7B01F94B8DC0021A2A2 /* main.m in Sources */,
				688AF7C81F94BA030021A2A2 /* HomeViewController.m in Sources */,
				688AF7DF1F95EAD30021A2A2 /* SettingViewController.m in Sources */,
			);
			runOnlyForDeploymentPostprocessing = 0;
		};
/* End PBXSourcesBuildPhase section */

/* Begin PBXVariantGroup section */
		688AF7B61F94B8DC0021A2A2 /* LaunchScreen.storyboard */ = {
			isa = PBXVariantGroup;
			children = (
				688AF7B71F94B8DC0021A2A2 /* Base */,
			);
			name = LaunchScreen.storyboard;
			sourceTree = "<group>";
		};
/* End PBXVariantGroup section */

/* Begin XCBuildConfiguration section */
		688AF7BA1F94B8DC0021A2A2 /* Debug */ = {
			isa = XCBuildConfiguration;
			buildSettings = {
				ALWAYS_SEARCH_USER_PATHS = NO;
				CLANG_ANALYZER_NONNULL = YES;
				CLANG_ANALYZER_NUMBER_OBJECT_CONVERSION = YES_AGGRESSIVE;
				CLANG_CXX_LANGUAGE_STANDARD = "gnu++0x";
				CLANG_CXX_LIBRARY = "libc++";
				CLANG_ENABLE_MODULES = YES;
				CLANG_ENABLE_OBJC_ARC = YES;
				CLANG_WARN_BOOL_CONVERSION = YES;
				CLANG_WARN_CONSTANT_CONVERSION = YES;
				CLANG_WARN_DIRECT_OBJC_ISA_USAGE = YES_ERROR;
				CLANG_WARN_DOCUMENTATION_COMMENTS = YES;
				CLANG_WARN_EMPTY_BODY = YES;
				CLANG_WARN_ENUM_CONVERSION = YES;
				CLANG_WARN_INFINITE_RECURSION = YES;
				CLANG_WARN_INT_CONVERSION = YES;
				CLANG_WARN_OBJC_ROOT_CLASS = YES_ERROR;
				CLANG_WARN_SUSPICIOUS_MOVE = YES;
				CLANG_WARN_UNREACHABLE_CODE = YES;
				CLANG_WARN__DUPLICATE_METHOD_MATCH = YES;
				"CODE_SIGN_IDENTITY[sdk=iphoneos*]" = "iPhone Developer";
				COPY_PHASE_STRIP = NO;
				DEBUG_INFORMATION_FORMAT = dwarf;
				ENABLE_STRICT_OBJC_MSGSEND = YES;
				ENABLE_TESTABILITY = YES;
				GCC_C_LANGUAGE_STANDARD = gnu99;
				GCC_DYNAMIC_NO_PIC = NO;
				GCC_NO_COMMON_BLOCKS = YES;
				GCC_OPTIMIZATION_LEVEL = 0;
				GCC_PREPROCESSOR_DEFINITIONS = (
					"DEBUG=1",
					"$(inherited)",
				);
				GCC_WARN_64_TO_32_BIT_CONVERSION = YES;
				GCC_WARN_ABOUT_RETURN_TYPE = YES_ERROR;
				GCC_WARN_UNDECLARED_SELECTOR = YES;
				GCC_WARN_UNINITIALIZED_AUTOS = YES_AGGRESSIVE;
				GCC_WARN_UNUSED_FUNCTION = YES;
				GCC_WARN_UNUSED_VARIABLE = YES;
				IPHONEOS_DEPLOYMENT_TARGET = 9.0;
				MTL_ENABLE_DEBUG_INFO = YES;
				ONLY_ACTIVE_ARCH = YES;
				SDKROOT = iphoneos;
			};
			name = Debug;
		};
		688AF7BB1F94B8DC0021A2A2 /* Release */ = {
			isa = XCBuildConfiguration;
			buildSettings = {
				ALWAYS_SEARCH_USER_PATHS = NO;
				CLANG_ANALYZER_NONNULL = YES;
				CLANG_ANALYZER_NUMBER_OBJECT_CONVERSION = YES_AGGRESSIVE;
				CLANG_CXX_LANGUAGE_STANDARD = "gnu++0x";
				CLANG_CXX_LIBRARY = "libc++";
				CLANG_ENABLE_MODULES = YES;
				CLANG_ENABLE_OBJC_ARC = YES;
				CLANG_WARN_BOOL_CONVERSION = YES;
				CLANG_WARN_CONSTANT_CONVERSION = YES;
				CLANG_WARN_DIRECT_OBJC_ISA_USAGE = YES_ERROR;
				CLANG_WARN_DOCUMENTATION_COMMENTS = YES;
				CLANG_WARN_EMPTY_BODY = YES;
				CLANG_WARN_ENUM_CONVERSION = YES;
				CLANG_WARN_INFINITE_RECURSION = YES;
				CLANG_WARN_INT_CONVERSION = YES;
				CLANG_WARN_OBJC_ROOT_CLASS = YES_ERROR;
				CLANG_WARN_SUSPICIOUS_MOVE = YES;
				CLANG_WARN_UNREACHABLE_CODE = YES;
				CLANG_WARN__DUPLICATE_METHOD_MATCH = YES;
				"CODE_SIGN_IDENTITY[sdk=iphoneos*]" = "iPhone Developer";
				COPY_PHASE_STRIP = NO;
				DEBUG_INFORMATION_FORMAT = "dwarf-with-dsym";
				ENABLE_NS_ASSERTIONS = NO;
				ENABLE_STRICT_OBJC_MSGSEND = YES;
				GCC_C_LANGUAGE_STANDARD = gnu99;
				GCC_NO_COMMON_BLOCKS = YES;
				GCC_WARN_64_TO_32_BIT_CONVERSION = YES;
				GCC_WARN_ABOUT_RETURN_TYPE = YES_ERROR;
				GCC_WARN_UNDECLARED_SELECTOR = YES;
				GCC_WARN_UNINITIALIZED_AUTOS = YES_AGGRESSIVE;
				GCC_WARN_UNUSED_FUNCTION = YES;
				GCC_WARN_UNUSED_VARIABLE = YES;
				IPHONEOS_DEPLOYMENT_TARGET = 9.0;
				MTL_ENABLE_DEBUG_INFO = NO;
				SDKROOT = iphoneos;
				VALIDATE_PRODUCT = YES;
			};
			name = Release;
		};
		688AF7BD1F94B8DC0021A2A2 /* Debug */ = {
			isa = XCBuildConfiguration;
			baseConfigurationReference = 78B7F38996A665B41FA0A1D9 /* Pods-TableCell-Autolayout.debug.xcconfig */;
			buildSettings = {
				ASSETCATALOG_COMPILER_APPICON_NAME = AppIcon;
				GCC_PRECOMPILE_PREFIX_HEADER = YES;
				GCC_PREFIX_HEADER = $SRCROOT/$PROJECT_NAME/PrefixHeader.pch;
				INFOPLIST_FILE = "TableCell-Autolayout/Info.plist";
				LD_RUNPATH_SEARCH_PATHS = "$(inherited) @executable_path/Frameworks";
				PRODUCT_BUNDLE_IDENTIFIER = "com.willhan.TableCell-Autolayout";
				PRODUCT_NAME = "$(TARGET_NAME)";
			};
			name = Debug;
		};
		688AF7BE1F94B8DC0021A2A2 /* Release */ = {
			isa = XCBuildConfiguration;
			baseConfigurationReference = AC3DEF4EDC210D1EC70F8B38 /* Pods-TableCell-Autolayout.release.xcconfig */;
			buildSettings = {
				ASSETCATALOG_COMPILER_APPICON_NAME = AppIcon;
				GCC_PRECOMPILE_PREFIX_HEADER = YES;
				GCC_PREFIX_HEADER = $SRCROOT/$PROJECT_NAME/PrefixHeader.pch;
				INFOPLIST_FILE = "TableCell-Autolayout/Info.plist";
				LD_RUNPATH_SEARCH_PATHS = "$(inherited) @executable_path/Frameworks";
				PRODUCT_BUNDLE_IDENTIFIER = "com.willhan.TableCell-Autolayout";
				PRODUCT_NAME = "$(TARGET_NAME)";
			};
			name = Release;
		};
/* End XCBuildConfiguration section */

/* Begin XCConfigurationList section */
		688AF7A61F94B8DC0021A2A2 /* Build configuration list for PBXProject "TableCell-Autolayout" */ = {
			isa = XCConfigurationList;
			buildConfigurations = (
				688AF7BA1F94B8DC0021A2A2 /* Debug */,
				688AF7BB1F94B8DC0021A2A2 /* Release */,
			);
			defaultConfigurationIsVisible = 0;
			defaultConfigurationName = Release;
		};
		688AF7BC1F94B8DC0021A2A2 /* Build configuration list for PBXNativeTarget "TableCell-Autolayout" */ = {
			isa = XCConfigurationList;
			buildConfigurations = (
				688AF7BD1F94B8DC0021A2A2 /* Debug */,
				688AF7BE1F94B8DC0021A2A2 /* Release */,
			);
			defaultConfigurationIsVisible = 0;
			defaultConfigurationName = Release;
		};
/* End XCConfigurationList section */
	};
	rootObject = 688AF7A31F94B8DC0021A2A2 /* Project object */;
}
